// !$*UTF8*$!
{
	archiveVersion = 1;
	classes = {
	};
	objectVersion = 56;
	objects = {

/* Begin PBXBuildFile section */
		5D2D5D1729757E4900C6FA54 /* MovieCollectionPresenter.swift in Sources */ = {isa = PBXBuildFile; fileRef = 5D2D5D1629757E4900C6FA54 /* MovieCollectionPresenter.swift */; };
		5D2D5D1A29757F5100C6FA54 /* MovieCell.swift in Sources */ = {isa = PBXBuildFile; fileRef = 5D2D5D1929757F5100C6FA54 /* MovieCell.swift */; };
		5D2D5D1E2975844900C6FA54 /* Tokens.swift in Sources */ = {isa = PBXBuildFile; fileRef = 5D2D5D1D2975844900C6FA54 /* Tokens.swift */; };
		5D2D5D212975D13200C6FA54 /* MovieDBNetworkManager.swift in Sources */ = {isa = PBXBuildFile; fileRef = 5D2D5D202975D13200C6FA54 /* MovieDBNetworkManager.swift */; };
		5D2D5D232975D16E00C6FA54 /* BaseNetworkManager.swift in Sources */ = {isa = PBXBuildFile; fileRef = 5D2D5D222975D16E00C6FA54 /* BaseNetworkManager.swift */; };
		5D2D5D262975D22600C6FA54 /* Alamofire in Frameworks */ = {isa = PBXBuildFile; productRef = 5D2D5D252975D22600C6FA54 /* Alamofire */; };
		5D2D5D292975D2B800C6FA54 /* Kingfisher in Frameworks */ = {isa = PBXBuildFile; productRef = 5D2D5D282975D2B800C6FA54 /* Kingfisher */; };
		5D2D5D2C2975D32B00C6FA54 /* PopularMoviesRequest.swift in Sources */ = {isa = PBXBuildFile; fileRef = 5D2D5D2B2975D32B00C6FA54 /* PopularMoviesRequest.swift */; };
		5D2D5D2E2975D34F00C6FA54 /* PopularMoviesResponse.swift in Sources */ = {isa = PBXBuildFile; fileRef = 5D2D5D2D2975D34E00C6FA54 /* PopularMoviesResponse.swift */; };
		5D2D5D302975D38900C6FA54 /* HTTPNetworkRoutes.swift in Sources */ = {isa = PBXBuildFile; fileRef = 5D2D5D2F2975D38900C6FA54 /* HTTPNetworkRoutes.swift */; };
		5D2D5D332975F95700C6FA54 /* MovieDetailsViewController.swift in Sources */ = {isa = PBXBuildFile; fileRef = 5D2D5D322975F95700C6FA54 /* MovieDetailsViewController.swift */; };
		5D2D5D352975F97B00C6FA54 /* MovieDetailsPresenter.swift in Sources */ = {isa = PBXBuildFile; fileRef = 5D2D5D342975F97B00C6FA54 /* MovieDetailsPresenter.swift */; };
		5D2D5D37297600DB00C6FA54 /* MovieDetailsResponse.swift in Sources */ = {isa = PBXBuildFile; fileRef = 5D2D5D36297600DB00C6FA54 /* MovieDetailsResponse.swift */; };
		5D2D5D39297600ED00C6FA54 /* BaseRequest.swift in Sources */ = {isa = PBXBuildFile; fileRef = 5D2D5D38297600ED00C6FA54 /* BaseRequest.swift */; };
		5D2D5D422977ED9B00C6FA54 /* YouTubeTrailerRequest.swift in Sources */ = {isa = PBXBuildFile; fileRef = 5D2D5D412977ED9B00C6FA54 /* YouTubeTrailerRequest.swift */; };
		5D2D5D442977EDB800C6FA54 /* MovieTrailerResponse.swift in Sources */ = {isa = PBXBuildFile; fileRef = 5D2D5D432977EDB800C6FA54 /* MovieTrailerResponse.swift */; };
		5D2D5D462977EDCE00C6FA54 /* MovieCastResponse.swift in Sources */ = {isa = PBXBuildFile; fileRef = 5D2D5D452977EDCE00C6FA54 /* MovieCastResponse.swift */; };
		5D2D5D4E2977EF0D00C6FA54 /* MovieDetails.swift in Sources */ = {isa = PBXBuildFile; fileRef = 5D2D5D4D2977EF0D00C6FA54 /* MovieDetails.swift */; };
		5D2D5D502977F57D00C6FA54 /* MovieCollectionViewControllerFactory.swift in Sources */ = {isa = PBXBuildFile; fileRef = 5D2D5D4F2977F57D00C6FA54 /* MovieCollectionViewControllerFactory.swift */; };
		5D2D5D522977F5FF00C6FA54 /* MovieDetailsViewControllerFactory.swift in Sources */ = {isa = PBXBuildFile; fileRef = 5D2D5D512977F5FF00C6FA54 /* MovieDetailsViewControllerFactory.swift */; };
		5DC8006E297053E6008D515E /* AppDelegate.swift in Sources */ = {isa = PBXBuildFile; fileRef = 5DC8006D297053E6008D515E /* AppDelegate.swift */; };
		5DC80070297053E6008D515E /* SceneDelegate.swift in Sources */ = {isa = PBXBuildFile; fileRef = 5DC8006F297053E6008D515E /* SceneDelegate.swift */; };
		5DC80072297053E6008D515E /* MovieCollectionViewController.swift in Sources */ = {isa = PBXBuildFile; fileRef = 5DC80071297053E6008D515E /* MovieCollectionViewController.swift */; };
		5DC80077297053E8008D515E /* Assets.xcassets in Resources */ = {isa = PBXBuildFile; fileRef = 5DC80076297053E8008D515E /* Assets.xcassets */; };
		5DC8007A297053E8008D515E /* LaunchScreen.storyboard in Resources */ = {isa = PBXBuildFile; fileRef = 5DC80078297053E8008D515E /* LaunchScreen.storyboard */; };
/* End PBXBuildFile section */

/* Begin PBXContainerItemProxy section */
		5DC80081297053E8008D515E /* PBXContainerItemProxy */ = {
			isa = PBXContainerItemProxy;
			containerPortal = 5DC80062297053E6008D515E /* Project object */;
			proxyType = 1;
			remoteGlobalIDString = 5DC80069297053E6008D515E;
			remoteInfo = MovieDB;
		};
		5DC8008B297053E8008D515E /* PBXContainerItemProxy */ = {
			isa = PBXContainerItemProxy;
			containerPortal = 5DC80062297053E6008D515E /* Project object */;
			proxyType = 1;
			remoteGlobalIDString = 5DC80069297053E6008D515E;
			remoteInfo = MovieDB;
		};
/* End PBXContainerItemProxy section */

/* Begin PBXFileReference section */
		5D2D5D1629757E4900C6FA54 /* MovieCollectionPresenter.swift */ = {isa = PBXFileReference; lastKnownFileType = sourcecode.swift; path = MovieCollectionPresenter.swift; sourceTree = "<group>"; };
		5D2D5D1929757F5100C6FA54 /* MovieCell.swift */ = {isa = PBXFileReference; lastKnownFileType = sourcecode.swift; path = MovieCell.swift; sourceTree = "<group>"; };
		5D2D5D1D2975844900C6FA54 /* Tokens.swift */ = {isa = PBXFileReference; lastKnownFileType = sourcecode.swift; path = Tokens.swift; sourceTree = "<group>"; };
		5D2D5D202975D13200C6FA54 /* MovieDBNetworkManager.swift */ = {isa = PBXFileReference; lastKnownFileType = sourcecode.swift; path = MovieDBNetworkManager.swift; sourceTree = "<group>"; };
		5D2D5D222975D16E00C6FA54 /* BaseNetworkManager.swift */ = {isa = PBXFileReference; lastKnownFileType = sourcecode.swift; path = BaseNetworkManager.swift; sourceTree = "<group>"; };
		5D2D5D2B2975D32B00C6FA54 /* PopularMoviesRequest.swift */ = {isa = PBXFileReference; lastKnownFileType = sourcecode.swift; path = PopularMoviesRequest.swift; sourceTree = "<group>"; };
		5D2D5D2D2975D34E00C6FA54 /* PopularMoviesResponse.swift */ = {isa = PBXFileReference; lastKnownFileType = sourcecode.swift; path = PopularMoviesResponse.swift; sourceTree = "<group>"; };
		5D2D5D2F2975D38900C6FA54 /* HTTPNetworkRoutes.swift */ = {isa = PBXFileReference; lastKnownFileType = sourcecode.swift; path = HTTPNetworkRoutes.swift; sourceTree = "<group>"; };
		5D2D5D322975F95700C6FA54 /* MovieDetailsViewController.swift */ = {isa = PBXFileReference; lastKnownFileType = sourcecode.swift; path = MovieDetailsViewController.swift; sourceTree = "<group>"; };
		5D2D5D342975F97B00C6FA54 /* MovieDetailsPresenter.swift */ = {isa = PBXFileReference; lastKnownFileType = sourcecode.swift; path = MovieDetailsPresenter.swift; sourceTree = "<group>"; };
		5D2D5D36297600DB00C6FA54 /* MovieDetailsResponse.swift */ = {isa = PBXFileReference; lastKnownFileType = sourcecode.swift; path = MovieDetailsResponse.swift; sourceTree = "<group>"; };
		5D2D5D38297600ED00C6FA54 /* BaseRequest.swift */ = {isa = PBXFileReference; lastKnownFileType = sourcecode.swift; path = BaseRequest.swift; sourceTree = "<group>"; };
		5D2D5D412977ED9B00C6FA54 /* YouTubeTrailerRequest.swift */ = {isa = PBXFileReference; lastKnownFileType = sourcecode.swift; path = YouTubeTrailerRequest.swift; sourceTree = "<group>"; };
		5D2D5D432977EDB800C6FA54 /* MovieTrailerResponse.swift */ = {isa = PBXFileReference; lastKnownFileType = sourcecode.swift; path = MovieTrailerResponse.swift; sourceTree = "<group>"; };
		5D2D5D452977EDCE00C6FA54 /* MovieCastResponse.swift */ = {isa = PBXFileReference; lastKnownFileType = sourcecode.swift; path = MovieCastResponse.swift; sourceTree = "<group>"; };
		5D2D5D4D2977EF0D00C6FA54 /* MovieDetails.swift */ = {isa = PBXFileReference; lastKnownFileType = sourcecode.swift; path = MovieDetails.swift; sourceTree = "<group>"; };
		5D2D5D4F2977F57D00C6FA54 /* MovieCollectionViewControllerFactory.swift */ = {isa = PBXFileReference; lastKnownFileType = sourcecode.swift; path = MovieCollectionViewControllerFactory.swift; sourceTree = "<group>"; };
		5D2D5D512977F5FF00C6FA54 /* MovieDetailsViewControllerFactory.swift */ = {isa = PBXFileReference; lastKnownFileType = sourcecode.swift; path = MovieDetailsViewControllerFactory.swift; sourceTree = "<group>"; };
		5DC8006A297053E6008D515E /* MovieDB.app */ = {isa = PBXFileReference; explicitFileType = wrapper.application; includeInIndex = 0; path = MovieDB.app; sourceTree = BUILT_PRODUCTS_DIR; };
		5DC8006D297053E6008D515E /* AppDelegate.swift */ = {isa = PBXFileReference; lastKnownFileType = sourcecode.swift; path = AppDelegate.swift; sourceTree = "<group>"; };
		5DC8006F297053E6008D515E /* SceneDelegate.swift */ = {isa = PBXFileReference; lastKnownFileType = sourcecode.swift; path = SceneDelegate.swift; sourceTree = "<group>"; };
		5DC80071297053E6008D515E /* MovieCollectionViewController.swift */ = {isa = PBXFileReference; lastKnownFileType = sourcecode.swift; path = MovieCollectionViewController.swift; sourceTree = "<group>"; };
		5DC80076297053E8008D515E /* Assets.xcassets */ = {isa = PBXFileReference; lastKnownFileType = folder.assetcatalog; path = Assets.xcassets; sourceTree = "<group>"; };
		5DC80079297053E8008D515E /* Base */ = {isa = PBXFileReference; lastKnownFileType = file.storyboard; name = Base; path = Base.lproj/LaunchScreen.storyboard; sourceTree = "<group>"; };
		5DC8007B297053E8008D515E /* Info.plist */ = {isa = PBXFileReference; lastKnownFileType = text.plist.xml; path = Info.plist; sourceTree = "<group>"; };
		5DC80080297053E8008D515E /* MovieDBTests.xctest */ = {isa = PBXFileReference; explicitFileType = wrapper.cfbundle; includeInIndex = 0; path = MovieDBTests.xctest; sourceTree = BUILT_PRODUCTS_DIR; };
		5DC8008A297053E8008D515E /* MovieDBUITests.xctest */ = {isa = PBXFileReference; explicitFileType = wrapper.cfbundle; includeInIndex = 0; path = MovieDBUITests.xctest; sourceTree = BUILT_PRODUCTS_DIR; };
/* End PBXFileReference section */

/* Begin PBXFrameworksBuildPhase section */
		5DC80067297053E6008D515E /* Frameworks */ = {
			isa = PBXFrameworksBuildPhase;
			buildActionMask = 2147483647;
			files = (
				5D2D5D292975D2B800C6FA54 /* Kingfisher in Frameworks */,
				5D2D5D262975D22600C6FA54 /* Alamofire in Frameworks */,
			);
			runOnlyForDeploymentPostprocessing = 0;
		};
		5DC8007D297053E8008D515E /* Frameworks */ = {
			isa = PBXFrameworksBuildPhase;
			buildActionMask = 2147483647;
			files = (
			);
			runOnlyForDeploymentPostprocessing = 0;
		};
		5DC80087297053E8008D515E /* Frameworks */ = {
			isa = PBXFrameworksBuildPhase;
			buildActionMask = 2147483647;
			files = (
			);
			runOnlyForDeploymentPostprocessing = 0;
		};
/* End PBXFrameworksBuildPhase section */

/* Begin PBXGroup section */
		5D2D5D1229757DAA00C6FA54 /* Application */ = {
			isa = PBXGroup;
			children = (
				5DC8006D297053E6008D515E /* AppDelegate.swift */,
				5DC8006F297053E6008D515E /* SceneDelegate.swift */,
			);
			path = Application;
			sourceTree = "<group>";
		};
		5D2D5D1329757DB600C6FA54 /* Resources */ = {
			isa = PBXGroup;
			children = (
				5DC80076297053E8008D515E /* Assets.xcassets */,
				5DC80078297053E8008D515E /* LaunchScreen.storyboard */,
				5DC8007B297053E8008D515E /* Info.plist */,
			);
			path = Resources;
			sourceTree = "<group>";
		};
		5D2D5D1429757DCC00C6FA54 /* Presentation */ = {
			isa = PBXGroup;
			children = (
				5D2D5D1529757DD300C6FA54 /* MovieCollection */,
				5D2D5D312975F94600C6FA54 /* MovieDetails */,
			);
			path = Presentation;
			sourceTree = "<group>";
		};
		5D2D5D1529757DD300C6FA54 /* MovieCollection */ = {
			isa = PBXGroup;
			children = (
				5D2D5D1829757F3F00C6FA54 /* Cells */,
				5DC80071297053E6008D515E /* MovieCollectionViewController.swift */,
				5D2D5D1629757E4900C6FA54 /* MovieCollectionPresenter.swift */,
				5D2D5D4F2977F57D00C6FA54 /* MovieCollectionViewControllerFactory.swift */,
			);
			path = MovieCollection;
			sourceTree = "<group>";
		};
		5D2D5D1829757F3F00C6FA54 /* Cells */ = {
			isa = PBXGroup;
			children = (
				5D2D5D1929757F5100C6FA54 /* MovieCell.swift */,
			);
			path = Cells;
			sourceTree = "<group>";
		};
		5D2D5D1B2975841200C6FA54 /* BusinessLogic */ = {
			isa = PBXGroup;
			children = (
				5D2D5D1C2975843E00C6FA54 /* Network */,
			);
			path = BusinessLogic;
			sourceTree = "<group>";
		};
		5D2D5D1C2975843E00C6FA54 /* Network */ = {
			isa = PBXGroup;
			children = (
				5D2D5D2A2975D31F00C6FA54 /* Models */,
				5D2D5D202975D13200C6FA54 /* MovieDBNetworkManager.swift */,
				5D2D5D1D2975844900C6FA54 /* Tokens.swift */,
				5D2D5D222975D16E00C6FA54 /* BaseNetworkManager.swift */,
				5D2D5D2F2975D38900C6FA54 /* HTTPNetworkRoutes.swift */,
			);
			path = Network;
			sourceTree = "<group>";
		};
		5D2D5D2A2975D31F00C6FA54 /* Models */ = {
			isa = PBXGroup;
			children = (
				5D2D5D38297600ED00C6FA54 /* BaseRequest.swift */,
				5D2D5D4A2977EE1F00C6FA54 /* MovieCast */,
				5D2D5D482977EE0400C6FA54 /* MovieDetails */,
				5D2D5D4B2977EE2900C6FA54 /* MovieTrailer */,
				5D2D5D472977EDE600C6FA54 /* PopularMovies */,
				5D2D5D492977EE0F00C6FA54 /* YouTube */,
			);
			path = Models;
			sourceTree = "<group>";
		};
		5D2D5D312975F94600C6FA54 /* MovieDetails */ = {
			isa = PBXGroup;
			children = (
				5D2D5D4C2977EF0200C6FA54 /* Models */,
				5D2D5D322975F95700C6FA54 /* MovieDetailsViewController.swift */,
				5D2D5D342975F97B00C6FA54 /* MovieDetailsPresenter.swift */,
				5D2D5D512977F5FF00C6FA54 /* MovieDetailsViewControllerFactory.swift */,
			);
			name = MovieDetails;
			sourceTree = "<group>";
		};
		5D2D5D472977EDE600C6FA54 /* PopularMovies */ = {
			isa = PBXGroup;
			children = (
				5D2D5D2B2975D32B00C6FA54 /* PopularMoviesRequest.swift */,
				5D2D5D2D2975D34E00C6FA54 /* PopularMoviesResponse.swift */,
			);
			path = PopularMovies;
			sourceTree = "<group>";
		};
		5D2D5D482977EE0400C6FA54 /* MovieDetails */ = {
			isa = PBXGroup;
			children = (
				5D2D5D36297600DB00C6FA54 /* MovieDetailsResponse.swift */,
			);
			path = MovieDetails;
			sourceTree = "<group>";
		};
		5D2D5D492977EE0F00C6FA54 /* YouTube */ = {
			isa = PBXGroup;
			children = (
				5D2D5D412977ED9B00C6FA54 /* YouTubeTrailerRequest.swift */,
			);
			path = YouTube;
			sourceTree = "<group>";
		};
		5D2D5D4A2977EE1F00C6FA54 /* MovieCast */ = {
			isa = PBXGroup;
			children = (
				5D2D5D452977EDCE00C6FA54 /* MovieCastResponse.swift */,
			);
			path = MovieCast;
			sourceTree = "<group>";
		};
		5D2D5D4B2977EE2900C6FA54 /* MovieTrailer */ = {
			isa = PBXGroup;
			children = (
				5D2D5D432977EDB800C6FA54 /* MovieTrailerResponse.swift */,
			);
			path = MovieTrailer;
			sourceTree = "<group>";
		};
		5D2D5D4C2977EF0200C6FA54 /* Models */ = {
			isa = PBXGroup;
			children = (
				5D2D5D4D2977EF0D00C6FA54 /* MovieDetails.swift */,
			);
			name = Models;
			sourceTree = "<group>";
		};
		5DC80061297053E6008D515E = {
			isa = PBXGroup;
			children = (
				5DC8006C297053E6008D515E /* MovieDB */,
				5DC8006B297053E6008D515E /* Products */,
			);
			sourceTree = "<group>";
		};
		5DC8006B297053E6008D515E /* Products */ = {
			isa = PBXGroup;
			children = (
				5DC8006A297053E6008D515E /* MovieDB.app */,
				5DC80080297053E8008D515E /* MovieDBTests.xctest */,
				5DC8008A297053E8008D515E /* MovieDBUITests.xctest */,
			);
			name = Products;
			sourceTree = "<group>";
		};
		5DC8006C297053E6008D515E /* MovieDB */ = {
			isa = PBXGroup;
			children = (
				5D2D5D1229757DAA00C6FA54 /* Application */,
				5D2D5D1B2975841200C6FA54 /* BusinessLogic */,
				5D2D5D1429757DCC00C6FA54 /* Presentation */,
				5D2D5D1329757DB600C6FA54 /* Resources */,
			);
			path = MovieDB;
			sourceTree = "<group>";
		};
/* End PBXGroup section */

/* Begin PBXNativeTarget section */
		5DC80069297053E6008D515E /* MovieDB */ = {
			isa = PBXNativeTarget;
			buildConfigurationList = 5DC80094297053E8008D515E /* Build configuration list for PBXNativeTarget "MovieDB" */;
			buildPhases = (
				5DC80066297053E6008D515E /* Sources */,
				5DC80067297053E6008D515E /* Frameworks */,
				5DC80068297053E6008D515E /* Resources */,
			);
			buildRules = (
			);
			dependencies = (
			);
			name = MovieDB;
			packageProductDependencies = (
				5D2D5D252975D22600C6FA54 /* Alamofire */,
				5D2D5D282975D2B800C6FA54 /* Kingfisher */,
			);
			productName = MovieDB;
			productReference = 5DC8006A297053E6008D515E /* MovieDB.app */;
			productType = "com.apple.product-type.application";
		};
		5DC8007F297053E8008D515E /* MovieDBTests */ = {
			isa = PBXNativeTarget;
			buildConfigurationList = 5DC80097297053E8008D515E /* Build configuration list for PBXNativeTarget "MovieDBTests" */;
			buildPhases = (
				5DC8007C297053E8008D515E /* Sources */,
				5DC8007D297053E8008D515E /* Frameworks */,
				5DC8007E297053E8008D515E /* Resources */,
			);
			buildRules = (
			);
			dependencies = (
				5DC80082297053E8008D515E /* PBXTargetDependency */,
			);
			name = MovieDBTests;
			productName = MovieDBTests;
			productReference = 5DC80080297053E8008D515E /* MovieDBTests.xctest */;
			productType = "com.apple.product-type.bundle.unit-test";
		};
		5DC80089297053E8008D515E /* MovieDBUITests */ = {
			isa = PBXNativeTarget;
			buildConfigurationList = 5DC8009A297053E8008D515E /* Build configuration list for PBXNativeTarget "MovieDBUITests" */;
			buildPhases = (
				5DC80086297053E8008D515E /* Sources */,
				5DC80087297053E8008D515E /* Frameworks */,
				5DC80088297053E8008D515E /* Resources */,
			);
			buildRules = (
			);
			dependencies = (
				5DC8008C297053E8008D515E /* PBXTargetDependency */,
			);
			name = MovieDBUITests;
			productName = MovieDBUITests;
			productReference = 5DC8008A297053E8008D515E /* MovieDBUITests.xctest */;
			productType = "com.apple.product-type.bundle.ui-testing";
		};
/* End PBXNativeTarget section */

/* Begin PBXProject section */
		5DC80062297053E6008D515E /* Project object */ = {
			isa = PBXProject;
			attributes = {
				BuildIndependentTargetsInParallel = 1;
				LastSwiftUpdateCheck = 1400;
				LastUpgradeCheck = 1400;
				TargetAttributes = {
					5DC80069297053E6008D515E = {
						CreatedOnToolsVersion = 14.0.1;
					};
					5DC8007F297053E8008D515E = {
						CreatedOnToolsVersion = 14.0.1;
						TestTargetID = 5DC80069297053E6008D515E;
					};
					5DC80089297053E8008D515E = {
						CreatedOnToolsVersion = 14.0.1;
						TestTargetID = 5DC80069297053E6008D515E;
					};
				};
			};
			buildConfigurationList = 5DC80065297053E6008D515E /* Build configuration list for PBXProject "MovieDB" */;
			compatibilityVersion = "Xcode 14.0";
			developmentRegion = en;
			hasScannedForEncodings = 0;
			knownRegions = (
				en,
				Base,
			);
			mainGroup = 5DC80061297053E6008D515E;
			packageReferences = (
				5D2D5D242975D22600C6FA54 /* XCRemoteSwiftPackageReference "Alamofire" */,
				5D2D5D272975D2B800C6FA54 /* XCRemoteSwiftPackageReference "Kingfisher" */,
			);
			productRefGroup = 5DC8006B297053E6008D515E /* Products */;
			projectDirPath = "";
			projectRoot = "";
			targets = (
				5DC80069297053E6008D515E /* MovieDB */,
				5DC8007F297053E8008D515E /* MovieDBTests */,
				5DC80089297053E8008D515E /* MovieDBUITests */,
			);
		};
/* End PBXProject section */

/* Begin PBXResourcesBuildPhase section */
		5DC80068297053E6008D515E /* Resources */ = {
			isa = PBXResourcesBuildPhase;
			buildActionMask = 2147483647;
			files = (
				5DC8007A297053E8008D515E /* LaunchScreen.storyboard in Resources */,
				5DC80077297053E8008D515E /* Assets.xcassets in Resources */,
			);
			runOnlyForDeploymentPostprocessing = 0;
		};
		5DC8007E297053E8008D515E /* Resources */ = {
			isa = PBXResourcesBuildPhase;
			buildActionMask = 2147483647;
			files = (
			);
			runOnlyForDeploymentPostprocessing = 0;
		};
		5DC80088297053E8008D515E /* Resources */ = {
			isa = PBXResourcesBuildPhase;
			buildActionMask = 2147483647;
			files = (
			);
			runOnlyForDeploymentPostprocessing = 0;
		};
/* End PBXResourcesBuildPhase section */

/* Begin PBXSourcesBuildPhase section */
		5DC80066297053E6008D515E /* Sources */ = {
			isa = PBXSourcesBuildPhase;
			buildActionMask = 2147483647;
			files = (
				5DC80072297053E6008D515E /* MovieCollectionViewController.swift in Sources */,
				5D2D5D1729757E4900C6FA54 /* MovieCollectionPresenter.swift in Sources */,
				5D2D5D212975D13200C6FA54 /* MovieDBNetworkManager.swift in Sources */,
				5DC8006E297053E6008D515E /* AppDelegate.swift in Sources */,
				5D2D5D1A29757F5100C6FA54 /* MovieCell.swift in Sources */,
				5D2D5D2E2975D34F00C6FA54 /* PopularMoviesResponse.swift in Sources */,
				5D2D5D352975F97B00C6FA54 /* MovieDetailsPresenter.swift in Sources */,
				5D2D5D442977EDB800C6FA54 /* MovieTrailerResponse.swift in Sources */,
				5D2D5D232975D16E00C6FA54 /* BaseNetworkManager.swift in Sources */,
				5D2D5D37297600DB00C6FA54 /* MovieDetailsResponse.swift in Sources */,
				5DC80070297053E6008D515E /* SceneDelegate.swift in Sources */,
				5D2D5D332975F95700C6FA54 /* MovieDetailsViewController.swift in Sources */,
				5D2D5D462977EDCE00C6FA54 /* MovieCastResponse.swift in Sources */,
				5D2D5D2C2975D32B00C6FA54 /* PopularMoviesRequest.swift in Sources */,
				5D2D5D302975D38900C6FA54 /* HTTPNetworkRoutes.swift in Sources */,
				5D2D5D502977F57D00C6FA54 /* MovieCollectionViewControllerFactory.swift in Sources */,
				5D2D5D1E2975844900C6FA54 /* Tokens.swift in Sources */,
				5D2D5D39297600ED00C6FA54 /* BaseRequest.swift in Sources */,
				5D2D5D4E2977EF0D00C6FA54 /* MovieDetails.swift in Sources */,
				5D2D5D522977F5FF00C6FA54 /* MovieDetailsViewControllerFactory.swift in Sources */,
				5D2D5D422977ED9B00C6FA54 /* YouTubeTrailerRequest.swift in Sources */,
			);
			runOnlyForDeploymentPostprocessing = 0;
		};
		5DC8007C297053E8008D515E /* Sources */ = {
			isa = PBXSourcesBuildPhase;
			buildActionMask = 2147483647;
			files = (
			);
			runOnlyForDeploymentPostprocessing = 0;
		};
		5DC80086297053E8008D515E /* Sources */ = {
			isa = PBXSourcesBuildPhase;
			buildActionMask = 2147483647;
			files = (
			);
			runOnlyForDeploymentPostprocessing = 0;
		};
/* End PBXSourcesBuildPhase section */

/* Begin PBXTargetDependency section */
		5DC80082297053E8008D515E /* PBXTargetDependency */ = {
			isa = PBXTargetDependency;
			target = 5DC80069297053E6008D515E /* MovieDB */;
			targetProxy = 5DC80081297053E8008D515E /* PBXContainerItemProxy */;
		};
		5DC8008C297053E8008D515E /* PBXTargetDependency */ = {
			isa = PBXTargetDependency;
			target = 5DC80069297053E6008D515E /* MovieDB */;
			targetProxy = 5DC8008B297053E8008D515E /* PBXContainerItemProxy */;
		};
/* End PBXTargetDependency section */

/* Begin PBXVariantGroup section */
		5DC80078297053E8008D515E /* LaunchScreen.storyboard */ = {
			isa = PBXVariantGroup;
			children = (
				5DC80079297053E8008D515E /* Base */,
			);
			name = LaunchScreen.storyboard;
			sourceTree = "<group>";
		};
/* End PBXVariantGroup section */

/* Begin XCBuildConfiguration section */
		5DC80092297053E8008D515E /* Debug */ = {
			isa = XCBuildConfiguration;
			buildSettings = {
				ALWAYS_SEARCH_USER_PATHS = NO;
				CLANG_ANALYZER_NONNULL = YES;
				CLANG_ANALYZER_NUMBER_OBJECT_CONVERSION = YES_AGGRESSIVE;
				CLANG_CXX_LANGUAGE_STANDARD = "gnu++20";
				CLANG_ENABLE_MODULES = YES;
				CLANG_ENABLE_OBJC_ARC = YES;
				CLANG_ENABLE_OBJC_WEAK = YES;
				CLANG_WARN_BLOCK_CAPTURE_AUTORELEASING = YES;
				CLANG_WARN_BOOL_CONVERSION = YES;
				CLANG_WARN_COMMA = YES;
				CLANG_WARN_CONSTANT_CONVERSION = YES;
				CLANG_WARN_DEPRECATED_OBJC_IMPLEMENTATIONS = YES;
				CLANG_WARN_DIRECT_OBJC_ISA_USAGE = YES_ERROR;
				CLANG_WARN_DOCUMENTATION_COMMENTS = YES;
				CLANG_WARN_EMPTY_BODY = YES;
				CLANG_WARN_ENUM_CONVERSION = YES;
				CLANG_WARN_INFINITE_RECURSION = YES;
				CLANG_WARN_INT_CONVERSION = YES;
				CLANG_WARN_NON_LITERAL_NULL_CONVERSION = YES;
				CLANG_WARN_OBJC_IMPLICIT_RETAIN_SELF = YES;
				CLANG_WARN_OBJC_LITERAL_CONVERSION = YES;
				CLANG_WARN_OBJC_ROOT_CLASS = YES_ERROR;
				CLANG_WARN_QUOTED_INCLUDE_IN_FRAMEWORK_HEADER = YES;
				CLANG_WARN_RANGE_LOOP_ANALYSIS = YES;
				CLANG_WARN_STRICT_PROTOTYPES = YES;
				CLANG_WARN_SUSPICIOUS_MOVE = YES;
				CLANG_WARN_UNGUARDED_AVAILABILITY = YES_AGGRESSIVE;
				CLANG_WARN_UNREACHABLE_CODE = YES;
				CLANG_WARN__DUPLICATE_METHOD_MATCH = YES;
				COPY_PHASE_STRIP = NO;
				DEBUG_INFORMATION_FORMAT = dwarf;
				ENABLE_STRICT_OBJC_MSGSEND = YES;
				ENABLE_TESTABILITY = YES;
				GCC_C_LANGUAGE_STANDARD = gnu11;
				GCC_DYNAMIC_NO_PIC = NO;
				GCC_NO_COMMON_BLOCKS = YES;
				GCC_OPTIMIZATION_LEVEL = 0;
				GCC_PREPROCESSOR_DEFINITIONS = (
					"DEBUG=1",
					"$(inherited)",
				);
				GCC_WARN_64_TO_32_BIT_CONVERSION = YES;
				GCC_WARN_ABOUT_RETURN_TYPE = YES_ERROR;
				GCC_WARN_UNDECLARED_SELECTOR = YES;
				GCC_WARN_UNINITIALIZED_AUTOS = YES_AGGRESSIVE;
				GCC_WARN_UNUSED_FUNCTION = YES;
				GCC_WARN_UNUSED_VARIABLE = YES;
				IPHONEOS_DEPLOYMENT_TARGET = 16.0;
				MTL_ENABLE_DEBUG_INFO = INCLUDE_SOURCE;
				MTL_FAST_MATH = YES;
				ONLY_ACTIVE_ARCH = YES;
				SDKROOT = iphoneos;
				SWIFT_ACTIVE_COMPILATION_CONDITIONS = DEBUG;
				SWIFT_OPTIMIZATION_LEVEL = "-Onone";
			};
			name = Debug;
		};
		5DC80093297053E8008D515E /* Release */ = {
			isa = XCBuildConfiguration;
			buildSettings = {
				ALWAYS_SEARCH_USER_PATHS = NO;
				CLANG_ANALYZER_NONNULL = YES;
				CLANG_ANALYZER_NUMBER_OBJECT_CONVERSION = YES_AGGRESSIVE;
				CLANG_CXX_LANGUAGE_STANDARD = "gnu++20";
				CLANG_ENABLE_MODULES = YES;
				CLANG_ENABLE_OBJC_ARC = YES;
				CLANG_ENABLE_OBJC_WEAK = YES;
				CLANG_WARN_BLOCK_CAPTURE_AUTORELEASING = YES;
				CLANG_WARN_BOOL_CONVERSION = YES;
				CLANG_WARN_COMMA = YES;
				CLANG_WARN_CONSTANT_CONVERSION = YES;
				CLANG_WARN_DEPRECATED_OBJC_IMPLEMENTATIONS = YES;
				CLANG_WARN_DIRECT_OBJC_ISA_USAGE = YES_ERROR;
				CLANG_WARN_DOCUMENTATION_COMMENTS = YES;
				CLANG_WARN_EMPTY_BODY = YES;
				CLANG_WARN_ENUM_CONVERSION = YES;
				CLANG_WARN_INFINITE_RECURSION = YES;
				CLANG_WARN_INT_CONVERSION = YES;
				CLANG_WARN_NON_LITERAL_NULL_CONVERSION = YES;
				CLANG_WARN_OBJC_IMPLICIT_RETAIN_SELF = YES;
				CLANG_WARN_OBJC_LITERAL_CONVERSION = YES;
				CLANG_WARN_OBJC_ROOT_CLASS = YES_ERROR;
				CLANG_WARN_QUOTED_INCLUDE_IN_FRAMEWORK_HEADER = YES;
				CLANG_WARN_RANGE_LOOP_ANALYSIS = YES;
				CLANG_WARN_STRICT_PROTOTYPES = YES;
				CLANG_WARN_SUSPICIOUS_MOVE = YES;
				CLANG_WARN_UNGUARDED_AVAILABILITY = YES_AGGRESSIVE;
				CLANG_WARN_UNREACHABLE_CODE = YES;
				CLANG_WARN__DUPLICATE_METHOD_MATCH = YES;
				COPY_PHASE_STRIP = NO;
				DEBUG_INFORMATION_FORMAT = "dwarf-with-dsym";
				ENABLE_NS_ASSERTIONS = NO;
				ENABLE_STRICT_OBJC_MSGSEND = YES;
				GCC_C_LANGUAGE_STANDARD = gnu11;
				GCC_NO_COMMON_BLOCKS = YES;
				GCC_WARN_64_TO_32_BIT_CONVERSION = YES;
				GCC_WARN_ABOUT_RETURN_TYPE = YES_ERROR;
				GCC_WARN_UNDECLARED_SELECTOR = YES;
				GCC_WARN_UNINITIALIZED_AUTOS = YES_AGGRESSIVE;
				GCC_WARN_UNUSED_FUNCTION = YES;
				GCC_WARN_UNUSED_VARIABLE = YES;
				IPHONEOS_DEPLOYMENT_TARGET = 16.0;
				MTL_ENABLE_DEBUG_INFO = NO;
				MTL_FAST_MATH = YES;
				SDKROOT = iphoneos;
				SWIFT_COMPILATION_MODE = wholemodule;
				SWIFT_OPTIMIZATION_LEVEL = "-O";
				VALIDATE_PRODUCT = YES;
			};
			name = Release;
		};
		5DC80095297053E8008D515E /* Debug */ = {
			isa = XCBuildConfiguration;
			buildSettings = {
				ASSETCATALOG_COMPILER_APPICON_NAME = AppIcon;
				ASSETCATALOG_COMPILER_GLOBAL_ACCENT_COLOR_NAME = AccentColor;
				CODE_SIGN_STYLE = Automatic;
				CURRENT_PROJECT_VERSION = 1;
				DEVELOPMENT_TEAM = XXJNS7YZ2P;
				GENERATE_INFOPLIST_FILE = YES;
				INFOPLIST_FILE = MovieDB/Resources/Info.plist;
				INFOPLIST_KEY_UIApplicationSupportsIndirectInputEvents = YES;
				INFOPLIST_KEY_UILaunchStoryboardName = LaunchScreen;
				INFOPLIST_KEY_UIMainStoryboardFile = "";
				INFOPLIST_KEY_UIStatusBarStyle = "";
				INFOPLIST_KEY_UISupportedInterfaceOrientations = UIInterfaceOrientationPortrait;
				IPHONEOS_DEPLOYMENT_TARGET = 14.0;
				LD_RUNPATH_SEARCH_PATHS = (
					"$(inherited)",
					"@executable_path/Frameworks",
				);
				MARKETING_VERSION = 1.0;
				PRODUCT_BUNDLE_IDENTIFIER = test.com.MovieDB;
				PRODUCT_NAME = "$(TARGET_NAME)";
				SWIFT_EMIT_LOC_STRINGS = YES;
				SWIFT_VERSION = 5.0;
				TARGETED_DEVICE_FAMILY = "1,2";
			};
			name = Debug;
		};
		5DC80096297053E8008D515E /* Release */ = {
			isa = XCBuildConfiguration;
			buildSettings = {
				ASSETCATALOG_COMPILER_APPICON_NAME = AppIcon;
				ASSETCATALOG_COMPILER_GLOBAL_ACCENT_COLOR_NAME = AccentColor;
				CODE_SIGN_STYLE = Automatic;
				CURRENT_PROJECT_VERSION = 1;
				DEVELOPMENT_TEAM = XXJNS7YZ2P;
				GENERATE_INFOPLIST_FILE = YES;
				INFOPLIST_FILE = MovieDB/Resources/Info.plist;
				INFOPLIST_KEY_UIApplicationSupportsIndirectInputEvents = YES;
				INFOPLIST_KEY_UILaunchStoryboardName = LaunchScreen;
				INFOPLIST_KEY_UIMainStoryboardFile = "";
				INFOPLIST_KEY_UIStatusBarStyle = "";
				INFOPLIST_KEY_UISupportedInterfaceOrientations = UIInterfaceOrientationPortrait;
				IPHONEOS_DEPLOYMENT_TARGET = 14.0;
				LD_RUNPATH_SEARCH_PATHS = (
					"$(inherited)",
					"@executable_path/Frameworks",
				);
				MARKETING_VERSION = 1.0;
				PRODUCT_BUNDLE_IDENTIFIER = test.com.MovieDB;
				PRODUCT_NAME = "$(TARGET_NAME)";
				SWIFT_EMIT_LOC_STRINGS = YES;
				SWIFT_VERSION = 5.0;
				TARGETED_DEVICE_FAMILY = "1,2";
			};
			name = Release;
		};
		5DC80098297053E8008D515E /* Debug */ = {
			isa = XCBuildConfiguration;
			buildSettings = {
				ALWAYS_EMBED_SWIFT_STANDARD_LIBRARIES = YES;
				BUNDLE_LOADER = "$(TEST_HOST)";
				CODE_SIGN_STYLE = Automatic;
				CURRENT_PROJECT_VERSION = 1;
				DEVELOPMENT_TEAM = XXJNS7YZ2P;
				GENERATE_INFOPLIST_FILE = YES;
				IPHONEOS_DEPLOYMENT_TARGET = 16.0;
				MARKETING_VERSION = 1.0;
				PRODUCT_BUNDLE_IDENTIFIER = test.com.MovieDBTests;
				PRODUCT_NAME = "$(TARGET_NAME)";
				SWIFT_EMIT_LOC_STRINGS = NO;
				SWIFT_VERSION = 5.0;
				TARGETED_DEVICE_FAMILY = "1,2";
				TEST_HOST = "$(BUILT_PRODUCTS_DIR)/MovieDB.app/$(BUNDLE_EXECUTABLE_FOLDER_PATH)/MovieDB";
			};
			name = Debug;
		};
		5DC80099297053E8008D515E /* Release */ = {
			isa = XCBuildConfiguration;
			buildSettings = {
				ALWAYS_EMBED_SWIFT_STANDARD_LIBRARIES = YES;
				BUNDLE_LOADER = "$(TEST_HOST)";
				CODE_SIGN_STYLE = Automatic;
				CURRENT_PROJECT_VERSION = 1;
				DEVELOPMENT_TEAM = XXJNS7YZ2P;
				GENERATE_INFOPLIST_FILE = YES;
				IPHONEOS_DEPLOYMENT_TARGET = 16.0;
				MARKETING_VERSION = 1.0;
				PRODUCT_BUNDLE_IDENTIFIER = test.com.MovieDBTests;
				PRODUCT_NAME = "$(TARGET_NAME)";
				SWIFT_EMIT_LOC_STRINGS = NO;
				SWIFT_VERSION = 5.0;
				TARGETED_DEVICE_FAMILY = "1,2";
				TEST_HOST = "$(BUILT_PRODUCTS_DIR)/MovieDB.app/$(BUNDLE_EXECUTABLE_FOLDER_PATH)/MovieDB";
			};
			name = Release;
		};
		5DC8009B297053E8008D515E /* Debug */ = {
			isa = XCBuildConfiguration;
			buildSettings = {
				ALWAYS_EMBED_SWIFT_STANDARD_LIBRARIES = YES;
				CODE_SIGN_STYLE = Automatic;
				CURRENT_PROJECT_VERSION = 1;
				DEVELOPMENT_TEAM = XXJNS7YZ2P;
				GENERATE_INFOPLIST_FILE = YES;
				MARKETING_VERSION = 1.0;
				PRODUCT_BUNDLE_IDENTIFIER = test.com.MovieDBUITests;
				PRODUCT_NAME = "$(TARGET_NAME)";
				SWIFT_EMIT_LOC_STRINGS = NO;
				SWIFT_VERSION = 5.0;
				TARGETED_DEVICE_FAMILY = "1,2";
				TEST_TARGET_NAME = MovieDB;
			};
			name = Debug;
		};
		5DC8009C297053E8008D515E /* Release */ = {
			isa = XCBuildConfiguration;
			buildSettings = {
				ALWAYS_EMBED_SWIFT_STANDARD_LIBRARIES = YES;
				CODE_SIGN_STYLE = Automatic;
				CURRENT_PROJECT_VERSION = 1;
				DEVELOPMENT_TEAM = XXJNS7YZ2P;
				GENERATE_INFOPLIST_FILE = YES;
				MARKETING_VERSION = 1.0;
				PRODUCT_BUNDLE_IDENTIFIER = test.com.MovieDBUITests;
				PRODUCT_NAME = "$(TARGET_NAME)";
				SWIFT_EMIT_LOC_STRINGS = NO;
				SWIFT_VERSION = 5.0;
				TARGETED_DEVICE_FAMILY = "1,2";
				TEST_TARGET_NAME = MovieDB;
			};
			name = Release;
		};
/* End XCBuildConfiguration section */

/* Begin XCConfigurationList section */
		5DC80065297053E6008D515E /* Build configuration list for PBXProject "MovieDB" */ = {
			isa = XCConfigurationList;
			buildConfigurations = (
				5DC80092297053E8008D515E /* Debug */,
				5DC80093297053E8008D515E /* Release */,
			);
			defaultConfigurationIsVisible = 0;
			defaultConfigurationName = Release;
		};
		5DC80094297053E8008D515E /* Build configuration list for PBXNativeTarget "MovieDB" */ = {
			isa = XCConfigurationList;
			buildConfigurations = (
				5DC80095297053E8008D515E /* Debug */,
				5DC80096297053E8008D515E /* Release */,
			);
			defaultConfigurationIsVisible = 0;
			defaultConfigurationName = Release;
		};
		5DC80097297053E8008D515E /* Build configuration list for PBXNativeTarget "MovieDBTests" */ = {
			isa = XCConfigurationList;
			buildConfigurations = (
				5DC80098297053E8008D515E /* Debug */,
				5DC80099297053E8008D515E /* Release */,
			);
			defaultConfigurationIsVisible = 0;
			defaultConfigurationName = Release;
		};
		5DC8009A297053E8008D515E /* Build configuration list for PBXNativeTarget "MovieDBUITests" */ = {
			isa = XCConfigurationList;
			buildConfigurations = (
				5DC8009B297053E8008D515E /* Debug */,
				5DC8009C297053E8008D515E /* Release */,
			);
			defaultConfigurationIsVisible = 0;
			defaultConfigurationName = Release;
		};
/* End XCConfigurationList section */

/* Begin XCRemoteSwiftPackageReference section */
		5D2D5D242975D22600C6FA54 /* XCRemoteSwiftPackageReference "Alamofire" */ = {
			isa = XCRemoteSwiftPackageReference;
			repositoryURL = "https://github.com/Alamofire/Alamofire";
			requirement = {
				kind = upToNextMajorVersion;
				minimumVersion = 5.0.0;
			};
		};
		5D2D5D272975D2B800C6FA54 /* XCRemoteSwiftPackageReference "Kingfisher" */ = {
			isa = XCRemoteSwiftPackageReference;
			repositoryURL = "https://github.com/onevcat/Kingfisher";
			requirement = {
				kind = upToNextMajorVersion;
				minimumVersion = 7.0.0;
			};
		};
/* End XCRemoteSwiftPackageReference section */

/* Begin XCSwiftPackageProductDependency section */
		5D2D5D252975D22600C6FA54 /* Alamofire */ = {
			isa = XCSwiftPackageProductDependency;
			package = 5D2D5D242975D22600C6FA54 /* XCRemoteSwiftPackageReference "Alamofire" */;
			productName = Alamofire;
		};
		5D2D5D282975D2B800C6FA54 /* Kingfisher */ = {
			isa = XCSwiftPackageProductDependency;
			package = 5D2D5D272975D2B800C6FA54 /* XCRemoteSwiftPackageReference "Kingfisher" */;
			productName = Kingfisher;
		};
/* End XCSwiftPackageProductDependency section */
	};
	rootObject = 5DC80062297053E6008D515E /* Project object */;
}
